
Microsoft Visual Studio Solution File, Format Version 12.00
# Visual Studio Version 16
VisualStudioVersion = 16.0.29609.76
MinimumVisualStudioVersion = 10.0.40219.1
Project("{FAE04EC0-301F-11D3-BF4B-00C04F79EFBC}") = "Task1", "Task1\Task1.csproj", "{B34036EE-23D4-4A38-AB5D-4C4F1C3D5214}"
EndProject
Project("{FAE04EC0-301F-11D3-BF4B-00C04F79EFBC}") = "Flowers", "Flowers\Flowers.csproj", "{ECDF9152-1C6C-4070-ABB0-E984F70440F2}"
EndProject
Global
	GlobalSection(SolutionConfigurationPlatforms) = preSolution
		Debug|Any CPU = Debug|Any CPU
		Release|Any CPU = Release|Any CPU
	EndGlobalSection
	GlobalSection(ProjectConfigurationPlatforms) = postSolution
		{B34036EE-23D4-4A38-AB5D-4C4F1C3D5214}.Debug|Any CPU.ActiveCfg = Debug|Any CPU
		{B34036EE-23D4-4A38-AB5D-4C4F1C3D5214}.Debug|Any CPU.Build.0 = Debug|Any CPU
		{B34036EE-23D4-4A38-AB5D-4C4F1C3D5214}.Release|Any CPU.ActiveCfg = Release|Any CPU
		{B34036EE-23D4-4A38-AB5D-4C4F1C3D5214}.Release|Any CPU.Build.0 = Release|Any CPU
		{ECDF9152-1C6C-4070-ABB0-E984F70440F2}.Debug|Any CPU.ActiveCfg = Debug|Any CPU
		{ECDF9152-1C6C-4070-ABB0-E984F70440F2}.Debug|Any CPU.Build.0 = Debug|Any CPU
		{ECDF9152-1C6C-4070-ABB0-E984F70440F2}.Release|Any CPU.ActiveCfg = Release|Any CPU
		{ECDF9152-1C6C-4070-ABB0-E984F70440F2}.Release|Any CPU.Build.0 = Release|Any CPU
	EndGlobalSection
	GlobalSection(SolutionProperties) = preSolution
		HideSolutionNode = FALSE
	EndGlobalSection
	GlobalSection(ExtensibilityGlobals) = postSolution
		SolutionGuid = {7C90D226-6A18-4AEE-8278-9CE269E64010}
	EndGlobalSection
EndGlobal
